// !$*UTF8*$!
{
	archiveVersion = 1;
	classes = {
	};
	objectVersion = 56;
	objects = {

/* Begin PBXBuildFile section */
		AF3158932BC3345D00FD070C /* MostViewedController.swift in Sources */ = {isa = PBXBuildFile; fileRef = AF3158922BC3345D00FD070C /* MostViewedController.swift */; };
		AF3158952BC3347200FD070C /* MostEmailedController.swift in Sources */ = {isa = PBXBuildFile; fileRef = AF3158942BC3347200FD070C /* MostEmailedController.swift */; };
		AF3158972BC3348100FD070C /* MostSharedController.swift in Sources */ = {isa = PBXBuildFile; fileRef = AF3158962BC3348100FD070C /* MostSharedController.swift */; };
		AF3158992BC338D000FD070C /* Constants.swift in Sources */ = {isa = PBXBuildFile; fileRef = AF3158982BC338D000FD070C /* Constants.swift */; };
		AF31589B2BC338EB00FD070C /* Model.swift in Sources */ = {isa = PBXBuildFile; fileRef = AF31589A2BC338EB00FD070C /* Model.swift */; };
		AF31589F2BC3400E00FD070C /* DetailsArticleController.swift in Sources */ = {isa = PBXBuildFile; fileRef = AF31589E2BC3400E00FD070C /* DetailsArticleController.swift */; };
		AF3158A12BC354A300FD070C /* FavouritesController.swift in Sources */ = {isa = PBXBuildFile; fileRef = AF3158A02BC354A300FD070C /* FavouritesController.swift */; };
		AF3158AC2BC356D600FD070C /* StorageManager.swift in Sources */ = {isa = PBXBuildFile; fileRef = AF3158AB2BC356D600FD070C /* StorageManager.swift */; };
		AF3158B52BC357E600FD070C /* FavouriteArticle+CoreDataProperties.swift in Sources */ = {isa = PBXBuildFile; fileRef = AF3158B42BC357E600FD070C /* FavouriteArticle+CoreDataProperties.swift */; };
		AF3158B72BC3735E00FD070C /* DetailsFavouriteArticleController.swift in Sources */ = {isa = PBXBuildFile; fileRef = AF3158B62BC3735E00FD070C /* DetailsFavouriteArticleController.swift */; };
		AF3158BD2BC398D600FD070C /* HandleErrors.swift in Sources */ = {isa = PBXBuildFile; fileRef = AF3158BC2BC398D600FD070C /* HandleErrors.swift */; };
		AF3158BF2BC3999C00FD070C /* Extensions.swift in Sources */ = {isa = PBXBuildFile; fileRef = AF3158BE2BC3999C00FD070C /* Extensions.swift */; };
		AF3158C12BC3A3DC00FD070C /* MostPopularArticles.swift in Sources */ = {isa = PBXBuildFile; fileRef = AF3158C02BC3A3DC00FD070C /* MostPopularArticles.swift */; };
		AF3158C72BC5302F00FD070C /* FavouritesArticles.xcdatamodeld in Sources */ = {isa = PBXBuildFile; fileRef = AF3158A22BC3556200FD070C /* FavouritesArticles.xcdatamodeld */; };
		AF4F55E22BC17C7E004F8D12 /* AppDelegate.swift in Sources */ = {isa = PBXBuildFile; fileRef = AF4F55E12BC17C7E004F8D12 /* AppDelegate.swift */; };
		AF4F55E42BC17C7E004F8D12 /* SceneDelegate.swift in Sources */ = {isa = PBXBuildFile; fileRef = AF4F55E32BC17C7E004F8D12 /* SceneDelegate.swift */; };
		AF4F55E92BC17C7E004F8D12 /* Base in Resources */ = {isa = PBXBuildFile; fileRef = AF4F55E82BC17C7E004F8D12 /* Base */; };
		AF4F55EB2BC17C7F004F8D12 /* Assets.xcassets in Resources */ = {isa = PBXBuildFile; fileRef = AF4F55EA2BC17C7F004F8D12 /* Assets.xcassets */; };
		AF4F55EE2BC17C7F004F8D12 /* Base in Resources */ = {isa = PBXBuildFile; fileRef = AF4F55ED2BC17C7F004F8D12 /* Base */; };
		DB70363A5CA1206068BCF98C /* Pods_NYNewsApp.framework in Frameworks */ = {isa = PBXBuildFile; fileRef = B1B05429CD18DB4379C27059 /* Pods_NYNewsApp.framework */; };
/* End PBXBuildFile section */

/* Begin PBXFileReference section */
		2E7B82DB272964EB229802A3 /* Pods-NYNewsApp.release.xcconfig */ = {isa = PBXFileReference; includeInIndex = 1; lastKnownFileType = text.xcconfig; name = "Pods-NYNewsApp.release.xcconfig"; path = "Target Support Files/Pods-NYNewsApp/Pods-NYNewsApp.release.xcconfig"; sourceTree = "<group>"; };
		AF3158922BC3345D00FD070C /* MostViewedController.swift */ = {isa = PBXFileReference; lastKnownFileType = sourcecode.swift; name = MostViewedController.swift; path = Controllers/MostViewedController.swift; sourceTree = "<group>"; };
		AF3158942BC3347200FD070C /* MostEmailedController.swift */ = {isa = PBXFileReference; lastKnownFileType = sourcecode.swift; name = MostEmailedController.swift; path = Controllers/MostEmailedController.swift; sourceTree = "<group>"; };
		AF3158962BC3348100FD070C /* MostSharedController.swift */ = {isa = PBXFileReference; lastKnownFileType = sourcecode.swift; name = MostSharedController.swift; path = Controllers/MostSharedController.swift; sourceTree = "<group>"; };
		AF3158982BC338D000FD070C /* Constants.swift */ = {isa = PBXFileReference; lastKnownFileType = sourcecode.swift; name = Constants.swift; path = Utilities/Constants.swift; sourceTree = "<group>"; };
		AF31589A2BC338EB00FD070C /* Model.swift */ = {isa = PBXFileReference; lastKnownFileType = sourcecode.swift; path = Model.swift; sourceTree = "<group>"; };
		AF31589E2BC3400E00FD070C /* DetailsArticleController.swift */ = {isa = PBXFileReference; lastKnownFileType = sourcecode.swift; name = DetailsArticleController.swift; path = Controllers/DetailsArticleController.swift; sourceTree = "<group>"; };
		AF3158A02BC354A300FD070C /* FavouritesController.swift */ = {isa = PBXFileReference; lastKnownFileType = sourcecode.swift; name = FavouritesController.swift; path = Controllers/FavouritesController.swift; sourceTree = "<group>"; };
		AF3158A32BC3556300FD070C /* FavouritesArticles.xcdatamodel */ = {isa = PBXFileReference; lastKnownFileType = wrapper.xcdatamodel; path = FavouritesArticles.xcdatamodel; sourceTree = "<group>"; };
		AF3158AB2BC356D600FD070C /* StorageManager.swift */ = {isa = PBXFileReference; lastKnownFileType = sourcecode.swift; name = StorageManager.swift; path = CoreData/StorageManager.swift; sourceTree = "<group>"; };
		AF3158B42BC357E600FD070C /* FavouriteArticle+CoreDataProperties.swift */ = {isa = PBXFileReference; fileEncoding = 4; lastKnownFileType = sourcecode.swift; name = "FavouriteArticle+CoreDataProperties.swift"; path = "NYNewsApp/DataModel/FavouriteArticle+CoreDataProperties.swift"; sourceTree = "<group>"; };
		AF3158B62BC3735E00FD070C /* DetailsFavouriteArticleController.swift */ = {isa = PBXFileReference; lastKnownFileType = sourcecode.swift; name = DetailsFavouriteArticleController.swift; path = Controllers/DetailsFavouriteArticleController.swift; sourceTree = "<group>"; };
		AF3158BC2BC398D600FD070C /* HandleErrors.swift */ = {isa = PBXFileReference; lastKnownFileType = sourcecode.swift; name = HandleErrors.swift; path = Utilities/HandleErrors.swift; sourceTree = "<group>"; };
		AF3158BE2BC3999C00FD070C /* Extensions.swift */ = {isa = PBXFileReference; lastKnownFileType = sourcecode.swift; name = Extensions.swift; path = Controllers/Extensions.swift; sourceTree = "<group>"; };
		AF3158C02BC3A3DC00FD070C /* MostPopularArticles.swift */ = {isa = PBXFileReference; lastKnownFileType = sourcecode.swift; path = MostPopularArticles.swift; sourceTree = "<group>"; };
		AF4F55DE2BC17C7E004F8D12 /* NYNewsApp.app */ = {isa = PBXFileReference; explicitFileType = wrapper.application; includeInIndex = 0; path = NYNewsApp.app; sourceTree = BUILT_PRODUCTS_DIR; };
		AF4F55E12BC17C7E004F8D12 /* AppDelegate.swift */ = {isa = PBXFileReference; lastKnownFileType = sourcecode.swift; path = AppDelegate.swift; sourceTree = "<group>"; };
		AF4F55E32BC17C7E004F8D12 /* SceneDelegate.swift */ = {isa = PBXFileReference; lastKnownFileType = sourcecode.swift; path = SceneDelegate.swift; sourceTree = "<group>"; };
		AF4F55E82BC17C7E004F8D12 /* Base */ = {isa = PBXFileReference; lastKnownFileType = file.storyboard; name = Base; path = Base.lproj/Main.storyboard; sourceTree = "<group>"; };
		AF4F55EA2BC17C7F004F8D12 /* Assets.xcassets */ = {isa = PBXFileReference; lastKnownFileType = folder.assetcatalog; path = Assets.xcassets; sourceTree = "<group>"; };
		AF4F55ED2BC17C7F004F8D12 /* Base */ = {isa = PBXFileReference; lastKnownFileType = file.storyboard; name = Base; path = Base.lproj/LaunchScreen.storyboard; sourceTree = "<group>"; };
		AF4F55EF2BC17C7F004F8D12 /* Info.plist */ = {isa = PBXFileReference; lastKnownFileType = text.plist.xml; path = Info.plist; sourceTree = "<group>"; };
		B1B05429CD18DB4379C27059 /* Pods_NYNewsApp.framework */ = {isa = PBXFileReference; explicitFileType = wrapper.framework; includeInIndex = 0; path = Pods_NYNewsApp.framework; sourceTree = BUILT_PRODUCTS_DIR; };
		F9C0F3761D36AF4523CA2598 /* Pods-NYNewsApp.debug.xcconfig */ = {isa = PBXFileReference; includeInIndex = 1; lastKnownFileType = text.xcconfig; name = "Pods-NYNewsApp.debug.xcconfig"; path = "Target Support Files/Pods-NYNewsApp/Pods-NYNewsApp.debug.xcconfig"; sourceTree = "<group>"; };
/* End PBXFileReference section */

/* Begin PBXFrameworksBuildPhase section */
		AF4F55DB2BC17C7E004F8D12 /* Frameworks */ = {
			isa = PBXFrameworksBuildPhase;
			buildActionMask = 2147483647;
			files = (
				DB70363A5CA1206068BCF98C /* Pods_NYNewsApp.framework in Frameworks */,
			);
			runOnlyForDeploymentPostprocessing = 0;
		};
/* End PBXFrameworksBuildPhase section */

/* Begin PBXGroup section */
		32B6A4141BDF73F4BDD8B76E /* Frameworks */ = {
			isa = PBXGroup;
			children = (
				B1B05429CD18DB4379C27059 /* Pods_NYNewsApp.framework */,
			);
			name = Frameworks;
			sourceTree = "<group>";
		};
		AF3158B82BC3922F00FD070C /* Controllers */ = {
			isa = PBXGroup;
			children = (
				AF3158922BC3345D00FD070C /* MostViewedController.swift */,
				AF3158942BC3347200FD070C /* MostEmailedController.swift */,
				AF3158962BC3348100FD070C /* MostSharedController.swift */,
				AF3158A02BC354A300FD070C /* FavouritesController.swift */,
				AF31589E2BC3400E00FD070C /* DetailsArticleController.swift */,
				AF3158B62BC3735E00FD070C /* DetailsFavouriteArticleController.swift */,
				AF3158BE2BC3999C00FD070C /* Extensions.swift */,
			);
			name = Controllers;
			sourceTree = "<group>";
		};
		AF3158B92BC392A300FD070C /* Model */ = {
			isa = PBXGroup;
			children = (
				AF31589A2BC338EB00FD070C /* Model.swift */,
			);
			path = Model;
			sourceTree = "<group>";
		};
		AF3158BB2BC3937700FD070C /* CoreData */ = {
			isa = PBXGroup;
			children = (
				AF3158AB2BC356D600FD070C /* StorageManager.swift */,
			);
			name = CoreData;
			sourceTree = "<group>";
		};
		AF3158C22BC3A3E200FD070C /* Alamofire */ = {
			isa = PBXGroup;
			children = (
				AF3158C02BC3A3DC00FD070C /* MostPopularArticles.swift */,
			);
			path = Alamofire;
			sourceTree = "<group>";
		};
		AF3158C32BC3A83C00FD070C /* Utilities */ = {
			isa = PBXGroup;
			children = (
				AF3158982BC338D000FD070C /* Constants.swift */,
				AF3158BC2BC398D600FD070C /* HandleErrors.swift */,
			);
			name = Utilities;
			sourceTree = "<group>";
		};
		AF3158C42BC3E1B400FD070C /* DataModel */ = {
			isa = PBXGroup;
			children = (
				AF3158B42BC357E600FD070C /* FavouriteArticle+CoreDataProperties.swift */,
				AF3158A22BC3556200FD070C /* FavouritesArticles.xcdatamodeld */,
			);
			name = DataModel;
			sourceTree = "<group>";
		};
		AF4F55D52BC17C7E004F8D12 = {
			isa = PBXGroup;
			children = (
				AF3158C42BC3E1B400FD070C /* DataModel */,
				AF4F55E02BC17C7E004F8D12 /* NYNewsApp */,
				AF4F55DF2BC17C7E004F8D12 /* Products */,
				CB7A80E46A54C0AC7B07D340 /* Pods */,
				32B6A4141BDF73F4BDD8B76E /* Frameworks */,
			);
			sourceTree = "<group>";
		};
		AF4F55DF2BC17C7E004F8D12 /* Products */ = {
			isa = PBXGroup;
			children = (
				AF4F55DE2BC17C7E004F8D12 /* NYNewsApp.app */,
			);
			name = Products;
			sourceTree = "<group>";
		};
		AF4F55E02BC17C7E004F8D12 /* NYNewsApp */ = {
			isa = PBXGroup;
			children = (
				AF4F55E12BC17C7E004F8D12 /* AppDelegate.swift */,
				AF4F55E32BC17C7E004F8D12 /* SceneDelegate.swift */,
				AF4F55E72BC17C7E004F8D12 /* Main.storyboard */,
				AF4F55EC2BC17C7F004F8D12 /* LaunchScreen.storyboard */,
				AF3158B82BC3922F00FD070C /* Controllers */,
				AF3158B92BC392A300FD070C /* Model */,
				AF3158C22BC3A3E200FD070C /* Alamofire */,
				AF3158BB2BC3937700FD070C /* CoreData */,
				AF3158C32BC3A83C00FD070C /* Utilities */,
				AF4F55EF2BC17C7F004F8D12 /* Info.plist */,
				AF4F55EA2BC17C7F004F8D12 /* Assets.xcassets */,
			);
			path = NYNewsApp;
			sourceTree = "<group>";
		};
		CB7A80E46A54C0AC7B07D340 /* Pods */ = {
			isa = PBXGroup;
			children = (
				F9C0F3761D36AF4523CA2598 /* Pods-NYNewsApp.debug.xcconfig */,
				2E7B82DB272964EB229802A3 /* Pods-NYNewsApp.release.xcconfig */,
			);
			path = Pods;
			sourceTree = "<group>";
		};
/* End PBXGroup section */

/* Begin PBXNativeTarget section */
		AF4F55DD2BC17C7E004F8D12 /* NYNewsApp */ = {
			isa = PBXNativeTarget;
			buildConfigurationList = AF4F55F22BC17C7F004F8D12 /* Build configuration list for PBXNativeTarget "NYNewsApp" */;
			buildPhases = (
				21686C42918DC7197315321D /* [CP] Check Pods Manifest.lock */,
				AF4F55DA2BC17C7E004F8D12 /* Sources */,
				AF4F55DB2BC17C7E004F8D12 /* Frameworks */,
				AF4F55DC2BC17C7E004F8D12 /* Resources */,
				EDA14FAE896F870EADE26CF5 /* [CP] Embed Pods Frameworks */,
			);
			buildRules = (
			);
			dependencies = (
			);
			name = NYNewsApp;
			productName = NYNewsApp;
			productReference = AF4F55DE2BC17C7E004F8D12 /* NYNewsApp.app */;
			productType = "com.apple.product-type.application";
		};
/* End PBXNativeTarget section */

/* Begin PBXProject section */
		AF4F55D62BC17C7E004F8D12 /* Project object */ = {
			isa = PBXProject;
			attributes = {
				BuildIndependentTargetsInParallel = 1;
				LastSwiftUpdateCheck = 1530;
				LastUpgradeCheck = 1530;
				TargetAttributes = {
					AF4F55DD2BC17C7E004F8D12 = {
						CreatedOnToolsVersion = 15.3;
					};
				};
			};
			buildConfigurationList = AF4F55D92BC17C7E004F8D12 /* Build configuration list for PBXProject "NYNewsApp" */;
			compatibilityVersion = "Xcode 14.0";
			developmentRegion = en;
			hasScannedForEncodings = 0;
			knownRegions = (
				en,
				Base,
			);
			mainGroup = AF4F55D52BC17C7E004F8D12;
			productRefGroup = AF4F55DF2BC17C7E004F8D12 /* Products */;
			projectDirPath = "";
			projectRoot = "";
			targets = (
				AF4F55DD2BC17C7E004F8D12 /* NYNewsApp */,
			);
		};
/* End PBXProject section */

/* Begin PBXResourcesBuildPhase section */
		AF4F55DC2BC17C7E004F8D12 /* Resources */ = {
			isa = PBXResourcesBuildPhase;
			buildActionMask = 2147483647;
			files = (
				AF4F55EB2BC17C7F004F8D12 /* Assets.xcassets in Resources */,
				AF4F55EE2BC17C7F004F8D12 /* Base in Resources */,
				AF4F55E92BC17C7E004F8D12 /* Base in Resources */,
			);
			runOnlyForDeploymentPostprocessing = 0;
		};
/* End PBXResourcesBuildPhase section */

/* Begin PBXShellScriptBuildPhase section */
		21686C42918DC7197315321D /* [CP] Check Pods Manifest.lock */ = {
			isa = PBXShellScriptBuildPhase;
			buildActionMask = 2147483647;
			files = (
			);
			inputFileListPaths = (
			);
			inputPaths = (
				"${PODS_PODFILE_DIR_PATH}/Podfile.lock",
				"${PODS_ROOT}/Manifest.lock",
			);
			name = "[CP] Check Pods Manifest.lock";
			outputFileListPaths = (
			);
			outputPaths = (
				"$(DERIVED_FILE_DIR)/Pods-NYNewsApp-checkManifestLockResult.txt",
			);
			runOnlyForDeploymentPostprocessing = 0;
			shellPath = /bin/sh;
			shellScript = "diff \"${PODS_PODFILE_DIR_PATH}/Podfile.lock\" \"${PODS_ROOT}/Manifest.lock\" > /dev/null\nif [ $? != 0 ] ; then\n    # print error to STDERR\n    echo \"error: The sandbox is not in sync with the Podfile.lock. Run 'pod install' or update your CocoaPods installation.\" >&2\n    exit 1\nfi\n# This output is used by Xcode 'outputs' to avoid re-running this script phase.\necho \"SUCCESS\" > \"${SCRIPT_OUTPUT_FILE_0}\"\n";
			showEnvVarsInLog = 0;
		};
		EDA14FAE896F870EADE26CF5 /* [CP] Embed Pods Frameworks */ = {
			isa = PBXShellScriptBuildPhase;
			buildActionMask = 2147483647;
			files = (
			);
			inputFileListPaths = (
				"${PODS_ROOT}/Target Support Files/Pods-NYNewsApp/Pods-NYNewsApp-frameworks-${CONFIGURATION}-input-files.xcfilelist",
			);
			name = "[CP] Embed Pods Frameworks";
			outputFileListPaths = (
				"${PODS_ROOT}/Target Support Files/Pods-NYNewsApp/Pods-NYNewsApp-frameworks-${CONFIGURATION}-output-files.xcfilelist",
			);
			runOnlyForDeploymentPostprocessing = 0;
			shellPath = /bin/sh;
			shellScript = "\"${PODS_ROOT}/Target Support Files/Pods-NYNewsApp/Pods-NYNewsApp-frameworks.sh\"\n";
			showEnvVarsInLog = 0;
		};
/* End PBXShellScriptBuildPhase section */

/* Begin PBXSourcesBuildPhase section */
		AF4F55DA2BC17C7E004F8D12 /* Sources */ = {
			isa = PBXSourcesBuildPhase;
			buildActionMask = 2147483647;
			files = (
				AF31589B2BC338EB00FD070C /* Model.swift in Sources */,
				AF3158C12BC3A3DC00FD070C /* MostPopularArticles.swift in Sources */,
				AF4F55E22BC17C7E004F8D12 /* AppDelegate.swift in Sources */,
				AF3158AC2BC356D600FD070C /* StorageManager.swift in Sources */,
				AF3158932BC3345D00FD070C /* MostViewedController.swift in Sources */,
				AF3158BD2BC398D600FD070C /* HandleErrors.swift in Sources */,
				AF3158C72BC5302F00FD070C /* FavouritesArticles.xcdatamodeld in Sources */,
				AF3158B72BC3735E00FD070C /* DetailsFavouriteArticleController.swift in Sources */,
				AF3158B52BC357E600FD070C /* FavouriteArticle+CoreDataProperties.swift in Sources */,
				AF3158952BC3347200FD070C /* MostEmailedController.swift in Sources */,
				AF4F55E42BC17C7E004F8D12 /* SceneDelegate.swift in Sources */,
				AF3158972BC3348100FD070C /* MostSharedController.swift in Sources */,
				AF3158BF2BC3999C00FD070C /* Extensions.swift in Sources */,
				AF3158A12BC354A300FD070C /* FavouritesController.swift in Sources */,
				AF3158992BC338D000FD070C /* Constants.swift in Sources */,
				AF31589F2BC3400E00FD070C /* DetailsArticleController.swift in Sources */,
			);
			runOnlyForDeploymentPostprocessing = 0;
		};
/* End PBXSourcesBuildPhase section */

/* Begin PBXVariantGroup section */
		AF4F55E72BC17C7E004F8D12 /* Main.storyboard */ = {
			isa = PBXVariantGroup;
			children = (
				AF4F55E82BC17C7E004F8D12 /* Base */,
			);
			name = Main.storyboard;
			sourceTree = "<group>";
		};
		AF4F55EC2BC17C7F004F8D12 /* LaunchScreen.storyboard */ = {
			isa = PBXVariantGroup;
			children = (
				AF4F55ED2BC17C7F004F8D12 /* Base */,
			);
			name = LaunchScreen.storyboard;
			sourceTree = "<group>";
		};
/* End PBXVariantGroup section */

/* Begin XCBuildConfiguration section */
		AF4F55F02BC17C7F004F8D12 /* Debug */ = {
			isa = XCBuildConfiguration;
			buildSettings = {
				ALWAYS_SEARCH_USER_PATHS = NO;
				ASSETCATALOG_COMPILER_GENERATE_SWIFT_ASSET_SYMBOL_EXTENSIONS = YES;
				CLANG_ANALYZER_NONNULL = YES;
				CLANG_ANALYZER_NUMBER_OBJECT_CONVERSION = YES_AGGRESSIVE;
				CLANG_CXX_LANGUAGE_STANDARD = "gnu++20";
				CLANG_ENABLE_MODULES = YES;
				CLANG_ENABLE_OBJC_ARC = YES;
				CLANG_ENABLE_OBJC_WEAK = YES;
				CLANG_WARN_BLOCK_CAPTURE_AUTORELEASING = YES;
				CLANG_WARN_BOOL_CONVERSION = YES;
				CLANG_WARN_COMMA = YES;
				CLANG_WARN_CONSTANT_CONVERSION = YES;
				CLANG_WARN_DEPRECATED_OBJC_IMPLEMENTATIONS = YES;
				CLANG_WARN_DIRECT_OBJC_ISA_USAGE = YES_ERROR;
				CLANG_WARN_DOCUMENTATION_COMMENTS = YES;
				CLANG_WARN_EMPTY_BODY = YES;
				CLANG_WARN_ENUM_CONVERSION = YES;
				CLANG_WARN_INFINITE_RECURSION = YES;
				CLANG_WARN_INT_CONVERSION = YES;
				CLANG_WARN_NON_LITERAL_NULL_CONVERSION = YES;
				CLANG_WARN_OBJC_IMPLICIT_RETAIN_SELF = YES;
				CLANG_WARN_OBJC_LITERAL_CONVERSION = YES;
				CLANG_WARN_OBJC_ROOT_CLASS = YES_ERROR;
				CLANG_WARN_QUOTED_INCLUDE_IN_FRAMEWORK_HEADER = YES;
				CLANG_WARN_RANGE_LOOP_ANALYSIS = YES;
				CLANG_WARN_STRICT_PROTOTYPES = YES;
				CLANG_WARN_SUSPICIOUS_MOVE = YES;
				CLANG_WARN_UNGUARDED_AVAILABILITY = YES_AGGRESSIVE;
				CLANG_WARN_UNREACHABLE_CODE = YES;
				CLANG_WARN__DUPLICATE_METHOD_MATCH = YES;
				COPY_PHASE_STRIP = NO;
				DEBUG_INFORMATION_FORMAT = dwarf;
				ENABLE_STRICT_OBJC_MSGSEND = YES;
				ENABLE_TESTABILITY = YES;
				ENABLE_USER_SCRIPT_SANDBOXING = NO;
				GCC_C_LANGUAGE_STANDARD = gnu17;
				GCC_DYNAMIC_NO_PIC = NO;
				GCC_NO_COMMON_BLOCKS = YES;
				GCC_OPTIMIZATION_LEVEL = 0;
				GCC_PREPROCESSOR_DEFINITIONS = (
					"DEBUG=1",
					"$(inherited)",
				);
				GCC_WARN_64_TO_32_BIT_CONVERSION = YES;
				GCC_WARN_ABOUT_RETURN_TYPE = YES_ERROR;
				GCC_WARN_UNDECLARED_SELECTOR = YES;
				GCC_WARN_UNINITIALIZED_AUTOS = YES_AGGRESSIVE;
				GCC_WARN_UNUSED_FUNCTION = YES;
				GCC_WARN_UNUSED_VARIABLE = YES;
				IPHONEOS_DEPLOYMENT_TARGET = 17.4;
				LOCALIZATION_PREFERS_STRING_CATALOGS = YES;
				MTL_ENABLE_DEBUG_INFO = INCLUDE_SOURCE;
				MTL_FAST_MATH = YES;
				ONLY_ACTIVE_ARCH = YES;
				SDKROOT = iphoneos;
				SWIFT_ACTIVE_COMPILATION_CONDITIONS = "DEBUG $(inherited)";
				SWIFT_OPTIMIZATION_LEVEL = "-Onone";
			};
			name = Debug;
		};
		AF4F55F12BC17C7F004F8D12 /* Release */ = {
			isa = XCBuildConfiguration;
			buildSettings = {
				ALWAYS_SEARCH_USER_PATHS = NO;
				ASSETCATALOG_COMPILER_GENERATE_SWIFT_ASSET_SYMBOL_EXTENSIONS = YES;
				CLANG_ANALYZER_NONNULL = YES;
				CLANG_ANALYZER_NUMBER_OBJECT_CONVERSION = YES_AGGRESSIVE;
				CLANG_CXX_LANGUAGE_STANDARD = "gnu++20";
				CLANG_ENABLE_MODULES = YES;
				CLANG_ENABLE_OBJC_ARC = YES;
				CLANG_ENABLE_OBJC_WEAK = YES;
				CLANG_WARN_BLOCK_CAPTURE_AUTORELEASING = YES;
				CLANG_WARN_BOOL_CONVERSION = YES;
				CLANG_WARN_COMMA = YES;
				CLANG_WARN_CONSTANT_CONVERSION = YES;
				CLANG_WARN_DEPRECATED_OBJC_IMPLEMENTATIONS = YES;
				CLANG_WARN_DIRECT_OBJC_ISA_USAGE = YES_ERROR;
				CLANG_WARN_DOCUMENTATION_COMMENTS = YES;
				CLANG_WARN_EMPTY_BODY = YES;
				CLANG_WARN_ENUM_CONVERSION = YES;
				CLANG_WARN_INFINITE_RECURSION = YES;
				CLANG_WARN_INT_CONVERSION = YES;
				CLANG_WARN_NON_LITERAL_NULL_CONVERSION = YES;
				CLANG_WARN_OBJC_IMPLICIT_RETAIN_SELF = YES;
				CLANG_WARN_OBJC_LITERAL_CONVERSION = YES;
				CLANG_WARN_OBJC_ROOT_CLASS = YES_ERROR;
				CLANG_WARN_QUOTED_INCLUDE_IN_FRAMEWORK_HEADER = YES;
				CLANG_WARN_RANGE_LOOP_ANALYSIS = YES;
				CLANG_WARN_STRICT_PROTOTYPES = YES;
				CLANG_WARN_SUSPICIOUS_MOVE = YES;
				CLANG_WARN_UNGUARDED_AVAILABILITY = YES_AGGRESSIVE;
				CLANG_WARN_UNREACHABLE_CODE = YES;
				CLANG_WARN__DUPLICATE_METHOD_MATCH = YES;
				COPY_PHASE_STRIP = NO;
				DEBUG_INFORMATION_FORMAT = "dwarf-with-dsym";
				ENABLE_NS_ASSERTIONS = NO;
				ENABLE_STRICT_OBJC_MSGSEND = YES;
				ENABLE_USER_SCRIPT_SANDBOXING = NO;
				GCC_C_LANGUAGE_STANDARD = gnu17;
				GCC_NO_COMMON_BLOCKS = YES;
				GCC_WARN_64_TO_32_BIT_CONVERSION = YES;
				GCC_WARN_ABOUT_RETURN_TYPE = YES_ERROR;
				GCC_WARN_UNDECLARED_SELECTOR = YES;
				GCC_WARN_UNINITIALIZED_AUTOS = YES_AGGRESSIVE;
				GCC_WARN_UNUSED_FUNCTION = YES;
				GCC_WARN_UNUSED_VARIABLE = YES;
				IPHONEOS_DEPLOYMENT_TARGET = 17.4;
				LOCALIZATION_PREFERS_STRING_CATALOGS = YES;
				MTL_ENABLE_DEBUG_INFO = NO;
				MTL_FAST_MATH = YES;
				SDKROOT = iphoneos;
				SWIFT_COMPILATION_MODE = wholemodule;
				VALIDATE_PRODUCT = YES;
			};
			name = Release;
		};
		AF4F55F32BC17C7F004F8D12 /* Debug */ = {
			isa = XCBuildConfiguration;
			baseConfigurationReference = F9C0F3761D36AF4523CA2598 /* Pods-NYNewsApp.debug.xcconfig */;
			buildSettings = {
				ASSETCATALOG_COMPILER_APPICON_NAME = AppIcon;
				ASSETCATALOG_COMPILER_GLOBAL_ACCENT_COLOR_NAME = AccentColor;
				CODE_SIGN_STYLE = Automatic;
				CURRENT_PROJECT_VERSION = 1;
				DEVELOPMENT_TEAM = 986Y23FA44;
				GENERATE_INFOPLIST_FILE = YES;
				INFOPLIST_FILE = NYNewsApp/Info.plist;
				INFOPLIST_KEY_UIApplicationSupportsIndirectInputEvents = YES;
				INFOPLIST_KEY_UILaunchStoryboardName = LaunchScreen;
				INFOPLIST_KEY_UIMainStoryboardFile = Main;
				INFOPLIST_KEY_UISupportedInterfaceOrientations = UIInterfaceOrientationPortrait;
				INFOPLIST_KEY_UISupportedInterfaceOrientations_iPad = "UIInterfaceOrientationLandscapeLeft UIInterfaceOrientationLandscapeRight UIInterfaceOrientationPortrait UIInterfaceOrientationPortraitUpsideDown";
				IPHONEOS_DEPLOYMENT_TARGET = 16.0;
				LD_RUNPATH_SEARCH_PATHS = (
					"$(inherited)",
					"@executable_path/Frameworks",
				);
				MARKETING_VERSION = 1.0;
				PRODUCT_BUNDLE_IDENTIFIER = GraceBiz.NYNewsApp;
				PRODUCT_NAME = "$(TARGET_NAME)";
				SUPPORTED_PLATFORMS = "iphoneos iphonesimulator";
				SUPPORTS_MACCATALYST = NO;
				SUPPORTS_MAC_DESIGNED_FOR_IPHONE_IPAD = NO;
				SUPPORTS_XR_DESIGNED_FOR_IPHONE_IPAD = NO;
				SWIFT_EMIT_LOC_STRINGS = YES;
				SWIFT_VERSION = 5.0;
				TARGETED_DEVICE_FAMILY = "1,2";
			};
			name = Debug;
		};
		AF4F55F42BC17C7F004F8D12 /* Release */ = {
			isa = XCBuildConfiguration;
			baseConfigurationReference = 2E7B82DB272964EB229802A3 /* Pods-NYNewsApp.release.xcconfig */;
			buildSettings = {
				ASSETCATALOG_COMPILER_APPICON_NAME = AppIcon;
				ASSETCATALOG_COMPILER_GLOBAL_ACCENT_COLOR_NAME = AccentColor;
				CODE_SIGN_STYLE = Automatic;
				CURRENT_PROJECT_VERSION = 1;
				DEVELOPMENT_TEAM = 986Y23FA44;
				GENERATE_INFOPLIST_FILE = YES;
				INFOPLIST_FILE = NYNewsApp/Info.plist;
				INFOPLIST_KEY_UIApplicationSupportsIndirectInputEvents = YES;
				INFOPLIST_KEY_UILaunchStoryboardName = LaunchScreen;
				INFOPLIST_KEY_UIMainStoryboardFile = Main;
				INFOPLIST_KEY_UISupportedInterfaceOrientations = UIInterfaceOrientationPortrait;
				INFOPLIST_KEY_UISupportedInterfaceOrientations_iPad = "UIInterfaceOrientationLandscapeLeft UIInterfaceOrientationLandscapeRight UIInterfaceOrientationPortrait UIInterfaceOrientationPortraitUpsideDown";
				IPHONEOS_DEPLOYMENT_TARGET = 16.0;
				LD_RUNPATH_SEARCH_PATHS = (
					"$(inherited)",
					"@executable_path/Frameworks",
				);
				MARKETING_VERSION = 1.0;
				PRODUCT_BUNDLE_IDENTIFIER = GraceBiz.NYNewsApp;
				PRODUCT_NAME = "$(TARGET_NAME)";
				SUPPORTED_PLATFORMS = "iphoneos iphonesimulator";
				SUPPORTS_MACCATALYST = NO;
				SUPPORTS_MAC_DESIGNED_FOR_IPHONE_IPAD = NO;
				SUPPORTS_XR_DESIGNED_FOR_IPHONE_IPAD = NO;
				SWIFT_EMIT_LOC_STRINGS = YES;
				SWIFT_VERSION = 5.0;
				TARGETED_DEVICE_FAMILY = "1,2";
			};
			name = Release;
		};
/* End XCBuildConfiguration section */

/* Begin XCConfigurationList section */
		AF4F55D92BC17C7E004F8D12 /* Build configuration list for PBXProject "NYNewsApp" */ = {
			isa = XCConfigurationList;
			buildConfigurations = (
				AF4F55F02BC17C7F004F8D12 /* Debug */,
				AF4F55F12BC17C7F004F8D12 /* Release */,
			);
			defaultConfigurationIsVisible = 0;
			defaultConfigurationName = Release;
		};
		AF4F55F22BC17C7F004F8D12 /* Build configuration list for PBXNativeTarget "NYNewsApp" */ = {
			isa = XCConfigurationList;
			buildConfigurations = (
				AF4F55F32BC17C7F004F8D12 /* Debug */,
				AF4F55F42BC17C7F004F8D12 /* Release */,
			);
			defaultConfigurationIsVisible = 0;
			defaultConfigurationName = Release;
		};
/* End XCConfigurationList section */

/* Begin XCVersionGroup section */
		AF3158A22BC3556200FD070C /* FavouritesArticles.xcdatamodeld */ = {
			isa = XCVersionGroup;
			children = (
				AF3158A32BC3556300FD070C /* FavouritesArticles.xcdatamodel */,
			);
			currentVersion = AF3158A32BC3556300FD070C /* FavouritesArticles.xcdatamodel */;
			path = FavouritesArticles.xcdatamodeld;
			sourceTree = "<group>";
			versionGroupType = wrapper.xcdatamodel;
		};
/* End XCVersionGroup section */
	};
	rootObject = AF4F55D62BC17C7E004F8D12 /* Project object */;
}
